// !$*UTF8*$!
{
	archiveVersion = 1;
	classes = {
	};
	objectVersion = 46;
	objects = {

/* Begin PBXBuildFile section */
		190D96431BFA3A89008BFC5E /* AddArticleViewController.m in Sources */ = {isa = PBXBuildFile; fileRef = 190D96421BFA3A89008BFC5E /* AddArticleViewController.m */; };
		190D96471BFA5203008BFC5E /* EditArticleViewController.m in Sources */ = {isa = PBXBuildFile; fileRef = 190D96461BFA5203008BFC5E /* EditArticleViewController.m */; };
		193F322C1BF4D30100AF5DD1 /* ArticleDetailsViewController.m in Sources */ = {isa = PBXBuildFile; fileRef = 193F322B1BF4D30100AF5DD1 /* ArticleDetailsViewController.m */; };
		193F32311BF4D6BA00AF5DD1 /* ImageViewController.m in Sources */ = {isa = PBXBuildFile; fileRef = 193F32301BF4D6BA00AF5DD1 /* ImageViewController.m */; };
		193F32341BF4DC6F00AF5DD1 /* CustomViewViewController.m in Sources */ = {isa = PBXBuildFile; fileRef = 193F32331BF4DC6F00AF5DD1 /* CustomViewViewController.m */; };
		193F32371BF4EF7500AF5DD1 /* ArticleDetailsNoImageViewController.m in Sources */ = {isa = PBXBuildFile; fileRef = 193F32361BF4EF7500AF5DD1 /* ArticleDetailsNoImageViewController.m */; };
		196DE8921C1483FA007A3A34 /* tab-icon-more.png in Resources */ = {isa = PBXBuildFile; fileRef = 196DE8911C1483FA007A3A34 /* tab-icon-more.png */; };
		196DE8931C0B3E57007A3A34 /* Article.m in Sources */ = {isa = PBXBuildFile; fileRef = 196DE8921C0B3E57007A3A34 /* Article.m */; };
		196DE8931C0DFF0F007A3A34 /* password-icon.png in Resources */ = {isa = PBXBuildFile; fileRef = 196DE8911C0DFF0F007A3A34 /* password-icon.png */; };
		196DE8941C0DFF0F007A3A34 /* email-icon.png in Resources */ = {isa = PBXBuildFile; fileRef = 196DE8921C0DFF0F007A3A34 /* email-icon.png */; };
		196DE8951C14B016007A3A34 /* SignUpUserViewController.m in Sources */ = {isa = PBXBuildFile; fileRef = 196DE8941C14B016007A3A34 /* SignUpUserViewController.m */; };
		196DE8961C0E0D3F007A3A34 /* Midnight-Blue-Flat-UI-Color-Background.jpg in Resources */ = {isa = PBXBuildFile; fileRef = 196DE8951C0E0D3F007A3A34 /* Midnight-Blue-Flat-UI-Color-Background.jpg */; };
		196DE8981C10BFD1007A3A34 /* SWRevealViewController.m in Sources */ = {isa = PBXBuildFile; fileRef = 196DE8971C10BFD1007A3A34 /* SWRevealViewController.m */; };
		196DE89B1C10C037007A3A34 /* SidebarTableViewController.m in Sources */ = {isa = PBXBuildFile; fileRef = 196DE89A1C10C037007A3A34 /* SidebarTableViewController.m */; };
		196DE8BB1C0B5F29007A3A34 /* no-images.png in Resources */ = {isa = PBXBuildFile; fileRef = 196DE8BA1C0B5F29007A3A34 /* no-images.png */; };
		197BC3891BF6FF17003B88AE /* article1.jpg in Resources */ = {isa = PBXBuildFile; fileRef = 197BC3881BF6FF17003B88AE /* article1.jpg */; };
		197BC38B1BF70750003B88AE /* article2.jpg in Resources */ = {isa = PBXBuildFile; fileRef = 197BC38A1BF70750003B88AE /* article2.jpg */; };
		197BC38D1BF70842003B88AE /* article3.jpg in Resources */ = {isa = PBXBuildFile; fileRef = 197BC38C1BF70842003B88AE /* article3.jpg */; };
		197BC38F1BF708AA003B88AE /* article4.jpg in Resources */ = {isa = PBXBuildFile; fileRef = 197BC38E1BF708AA003B88AE /* article4.jpg */; };
		197BC3911BF70921003B88AE /* article5.jpg in Resources */ = {isa = PBXBuildFile; fileRef = 197BC3901BF70921003B88AE /* article5.jpg */; };
		197BC3951BF7144B003B88AE /* logo.jpg in Resources */ = {isa = PBXBuildFile; fileRef = 197BC3941BF7144B003B88AE /* logo.jpg */; };
		198BE1361C0AA4F900A84472 /* ConnectionManager.m in Sources */ = {isa = PBXBuildFile; fileRef = 198BE1351C0AA4F900A84472 /* ConnectionManager.m */; };
		19B21EDB1BF7870400F68A57 /* share.png in Resources */ = {isa = PBXBuildFile; fileRef = 19B21EDA1BF7870400F68A57 /* share.png */; };
		9A3393DD1C111FAF002E5825 /* UserDetailsViewController.m in Sources */ = {isa = PBXBuildFile; fileRef = 9A3393DC1C111FAF002E5825 /* UserDetailsViewController.m */; };
		9A3393E01C1185AB002E5825 /* EditUserDetailsViewController.m in Sources */ = {isa = PBXBuildFile; fileRef = 9A3393DF1C1185AB002E5825 /* EditUserDetailsViewController.m */; };
		9A37D41D1BF42E300096DCB4 /* ios_logo.png in Resources */ = {isa = PBXBuildFile; fileRef = 9A37D41C1BF42E300096DCB4 /* ios_logo.png */; };
		9A983EA21BF4222A00515550 /* main.m in Sources */ = {isa = PBXBuildFile; fileRef = 9A983EA11BF4222A00515550 /* main.m */; };
		9A983EA51BF4222A00515550 /* AppDelegate.m in Sources */ = {isa = PBXBuildFile; fileRef = 9A983EA41BF4222A00515550 /* AppDelegate.m */; };
		9A983EA81BF4222A00515550 /* ViewController.m in Sources */ = {isa = PBXBuildFile; fileRef = 9A983EA71BF4222A00515550 /* ViewController.m */; };
		9A983EAB1BF4222A00515550 /* Main.storyboard in Resources */ = {isa = PBXBuildFile; fileRef = 9A983EA91BF4222A00515550 /* Main.storyboard */; };
		9A983EAD1BF4222A00515550 /* Assets.xcassets in Resources */ = {isa = PBXBuildFile; fileRef = 9A983EAC1BF4222A00515550 /* Assets.xcassets */; };
		9A983EB01BF4222A00515550 /* LaunchScreen.storyboard in Resources */ = {isa = PBXBuildFile; fileRef = 9A983EAE1BF4222A00515550 /* LaunchScreen.storyboard */; };
		9A983EBE1BF4275B00515550 /* CustomTableViewCell.m in Sources */ = {isa = PBXBuildFile; fileRef = 9A983EBD1BF4275B00515550 /* CustomTableViewCell.m */; };
		9AE6B98B1C0E884B00054E0B /* ImageConnectionManager.m in Sources */ = {isa = PBXBuildFile; fileRef = 9AE6B98A1C0E884B00054E0B /* ImageConnectionManager.m */; };
		9AF328201C0BEF49007F13C6 /* LoginViewController.m in Sources */ = {isa = PBXBuildFile; fileRef = 9AF3281F1C0BEF49007F13C6 /* LoginViewController.m */; };
		9AFB97E51C0D7583002C7768 /* green-line-background.jpg in Resources */ = {isa = PBXBuildFile; fileRef = 9AFB97E41C0D7583002C7768 /* green-line-background.jpg */; };
		9AFB97E71C0D7845002C7768 /* logo_icon.png in Resources */ = {isa = PBXBuildFile; fileRef = 9AFB97E61C0D7845002C7768 /* logo_icon.png */; };
/* End PBXBuildFile section */

/* Begin PBXFileReference section */
		190D96411BFA3A89008BFC5E /* AddArticleViewController.h */ = {isa = PBXFileReference; fileEncoding = 4; lastKnownFileType = sourcecode.c.h; path = AddArticleViewController.h; sourceTree = "<group>"; };
		190D96421BFA3A89008BFC5E /* AddArticleViewController.m */ = {isa = PBXFileReference; fileEncoding = 4; lastKnownFileType = sourcecode.c.objc; path = AddArticleViewController.m; sourceTree = "<group>"; };
		190D96451BFA5203008BFC5E /* EditArticleViewController.h */ = {isa = PBXFileReference; fileEncoding = 4; lastKnownFileType = sourcecode.c.h; path = EditArticleViewController.h; sourceTree = "<group>"; };
		190D96461BFA5203008BFC5E /* EditArticleViewController.m */ = {isa = PBXFileReference; fileEncoding = 4; lastKnownFileType = sourcecode.c.objc; path = EditArticleViewController.m; sourceTree = "<group>"; };
		193F322A1BF4D30100AF5DD1 /* ArticleDetailsViewController.h */ = {isa = PBXFileReference; fileEncoding = 4; lastKnownFileType = sourcecode.c.h; path = ArticleDetailsViewController.h; sourceTree = "<group>"; };
		193F322B1BF4D30100AF5DD1 /* ArticleDetailsViewController.m */ = {isa = PBXFileReference; fileEncoding = 4; lastKnownFileType = sourcecode.c.objc; path = ArticleDetailsViewController.m; sourceTree = "<group>"; };
		193F322F1BF4D6BA00AF5DD1 /* ImageViewController.h */ = {isa = PBXFileReference; fileEncoding = 4; lastKnownFileType = sourcecode.c.h; path = ImageViewController.h; sourceTree = "<group>"; };
		193F32301BF4D6BA00AF5DD1 /* ImageViewController.m */ = {isa = PBXFileReference; fileEncoding = 4; lastKnownFileType = sourcecode.c.objc; path = ImageViewController.m; sourceTree = "<group>"; };
		193F32321BF4DC6F00AF5DD1 /* CustomViewViewController.h */ = {isa = PBXFileReference; fileEncoding = 4; lastKnownFileType = sourcecode.c.h; path = CustomViewViewController.h; sourceTree = "<group>"; };
		193F32331BF4DC6F00AF5DD1 /* CustomViewViewController.m */ = {isa = PBXFileReference; fileEncoding = 4; lastKnownFileType = sourcecode.c.objc; path = CustomViewViewController.m; sourceTree = "<group>"; };
		193F32351BF4EF7500AF5DD1 /* ArticleDetailsNoImageViewController.h */ = {isa = PBXFileReference; fileEncoding = 4; lastKnownFileType = sourcecode.c.h; path = ArticleDetailsNoImageViewController.h; sourceTree = "<group>"; };
		193F32361BF4EF7500AF5DD1 /* ArticleDetailsNoImageViewController.m */ = {isa = PBXFileReference; fileEncoding = 4; lastKnownFileType = sourcecode.c.objc; path = ArticleDetailsNoImageViewController.m; sourceTree = "<group>"; };
		196DE8911C0B3E57007A3A34 /* Article.h */ = {isa = PBXFileReference; fileEncoding = 4; lastKnownFileType = sourcecode.c.h; path = Article.h; sourceTree = "<group>"; };
		196DE8911C0DFF0F007A3A34 /* password-icon.png */ = {isa = PBXFileReference; lastKnownFileType = image.png; path = "password-icon.png"; sourceTree = "<group>"; };
		196DE8911C1483FA007A3A34 /* tab-icon-more.png */ = {isa = PBXFileReference; lastKnownFileType = image.png; path = "tab-icon-more.png"; sourceTree = SOURCE_ROOT; };
		196DE8921C0B3E57007A3A34 /* Article.m */ = {isa = PBXFileReference; fileEncoding = 4; lastKnownFileType = sourcecode.c.objc; path = Article.m; sourceTree = "<group>"; };
		196DE8921C0DFF0F007A3A34 /* email-icon.png */ = {isa = PBXFileReference; lastKnownFileType = image.png; path = "email-icon.png"; sourceTree = "<group>"; };
		196DE8931C14B016007A3A34 /* SignUpUserViewController.h */ = {isa = PBXFileReference; fileEncoding = 4; lastKnownFileType = sourcecode.c.h; path = SignUpUserViewController.h; sourceTree = "<group>"; };
		196DE8941C14B016007A3A34 /* SignUpUserViewController.m */ = {isa = PBXFileReference; fileEncoding = 4; lastKnownFileType = sourcecode.c.objc; path = SignUpUserViewController.m; sourceTree = "<group>"; };
		196DE8951C0E0D3F007A3A34 /* Midnight-Blue-Flat-UI-Color-Background.jpg */ = {isa = PBXFileReference; lastKnownFileType = image.jpeg; path = "Midnight-Blue-Flat-UI-Color-Background.jpg"; sourceTree = "<group>"; };
		196DE8961C10BFD1007A3A34 /* SWRevealViewController.h */ = {isa = PBXFileReference; fileEncoding = 4; lastKnownFileType = sourcecode.c.h; path = SWRevealViewController.h; sourceTree = "<group>"; };
		196DE8971C10BFD1007A3A34 /* SWRevealViewController.m */ = {isa = PBXFileReference; fileEncoding = 4; lastKnownFileType = sourcecode.c.objc; path = SWRevealViewController.m; sourceTree = "<group>"; };
		196DE8991C10C037007A3A34 /* SidebarTableViewController.h */ = {isa = PBXFileReference; fileEncoding = 4; lastKnownFileType = sourcecode.c.h; path = SidebarTableViewController.h; sourceTree = "<group>"; };
		196DE89A1C10C037007A3A34 /* SidebarTableViewController.m */ = {isa = PBXFileReference; fileEncoding = 4; lastKnownFileType = sourcecode.c.objc; path = SidebarTableViewController.m; sourceTree = "<group>"; };
		196DE8BA1C0B5F29007A3A34 /* no-images.png */ = {isa = PBXFileReference; lastKnownFileType = image.png; path = "no-images.png"; sourceTree = SOURCE_ROOT; };
		197BC3881BF6FF17003B88AE /* article1.jpg */ = {isa = PBXFileReference; lastKnownFileType = image.jpeg; path = article1.jpg; sourceTree = SOURCE_ROOT; };
		197BC38A1BF70750003B88AE /* article2.jpg */ = {isa = PBXFileReference; lastKnownFileType = image.jpeg; path = article2.jpg; sourceTree = SOURCE_ROOT; };
		197BC38C1BF70842003B88AE /* article3.jpg */ = {isa = PBXFileReference; lastKnownFileType = image.jpeg; path = article3.jpg; sourceTree = SOURCE_ROOT; };
		197BC38E1BF708AA003B88AE /* article4.jpg */ = {isa = PBXFileReference; lastKnownFileType = image.jpeg; path = article4.jpg; sourceTree = SOURCE_ROOT; };
		197BC3901BF70921003B88AE /* article5.jpg */ = {isa = PBXFileReference; lastKnownFileType = image.jpeg; path = article5.jpg; sourceTree = SOURCE_ROOT; };
		197BC3941BF7144B003B88AE /* logo.jpg */ = {isa = PBXFileReference; lastKnownFileType = image.jpeg; path = logo.jpg; sourceTree = SOURCE_ROOT; };
		198BE1341C0AA4F900A84472 /* ConnectionManager.h */ = {isa = PBXFileReference; fileEncoding = 4; lastKnownFileType = sourcecode.c.h; path = ConnectionManager.h; sourceTree = "<group>"; };
		198BE1351C0AA4F900A84472 /* ConnectionManager.m */ = {isa = PBXFileReference; fileEncoding = 4; lastKnownFileType = sourcecode.c.objc; path = ConnectionManager.m; sourceTree = "<group>"; };
		19B21EDA1BF7870400F68A57 /* share.png */ = {isa = PBXFileReference; lastKnownFileType = image.png; path = share.png; sourceTree = SOURCE_ROOT; };
		9A3393DB1C111FAF002E5825 /* UserDetailsViewController.h */ = {isa = PBXFileReference; fileEncoding = 4; lastKnownFileType = sourcecode.c.h; path = UserDetailsViewController.h; sourceTree = "<group>"; };
		9A3393DC1C111FAF002E5825 /* UserDetailsViewController.m */ = {isa = PBXFileReference; fileEncoding = 4; lastKnownFileType = sourcecode.c.objc; path = UserDetailsViewController.m; sourceTree = "<group>"; };
		9A3393DE1C1185AB002E5825 /* EditUserDetailsViewController.h */ = {isa = PBXFileReference; fileEncoding = 4; lastKnownFileType = sourcecode.c.h; path = EditUserDetailsViewController.h; sourceTree = "<group>"; };
		9A3393DF1C1185AB002E5825 /* EditUserDetailsViewController.m */ = {isa = PBXFileReference; fileEncoding = 4; lastKnownFileType = sourcecode.c.objc; path = EditUserDetailsViewController.m; sourceTree = "<group>"; };
		9A37D41C1BF42E300096DCB4 /* ios_logo.png */ = {isa = PBXFileReference; lastKnownFileType = image.png; path = ios_logo.png; sourceTree = "<group>"; };
		9A983E9D1BF4222A00515550 /* ArticleManagement.app */ = {isa = PBXFileReference; explicitFileType = wrapper.application; includeInIndex = 0; path = ArticleManagement.app; sourceTree = BUILT_PRODUCTS_DIR; };
		9A983EA11BF4222A00515550 /* main.m */ = {isa = PBXFileReference; lastKnownFileType = sourcecode.c.objc; path = main.m; sourceTree = "<group>"; };
		9A983EA31BF4222A00515550 /* AppDelegate.h */ = {isa = PBXFileReference; lastKnownFileType = sourcecode.c.h; path = AppDelegate.h; sourceTree = "<group>"; };
		9A983EA41BF4222A00515550 /* AppDelegate.m */ = {isa = PBXFileReference; lastKnownFileType = sourcecode.c.objc; path = AppDelegate.m; sourceTree = "<group>"; };
		9A983EA61BF4222A00515550 /* ViewController.h */ = {isa = PBXFileReference; lastKnownFileType = sourcecode.c.h; path = ViewController.h; sourceTree = "<group>"; };
		9A983EA71BF4222A00515550 /* ViewController.m */ = {isa = PBXFileReference; lastKnownFileType = sourcecode.c.objc; path = ViewController.m; sourceTree = "<group>"; };
		9A983EAA1BF4222A00515550 /* Base */ = {isa = PBXFileReference; lastKnownFileType = file.storyboard; name = Base; path = Base.lproj/Main.storyboard; sourceTree = "<group>"; };
		9A983EAC1BF4222A00515550 /* Assets.xcassets */ = {isa = PBXFileReference; lastKnownFileType = folder.assetcatalog; path = Assets.xcassets; sourceTree = "<group>"; };
		9A983EAF1BF4222A00515550 /* Base */ = {isa = PBXFileReference; lastKnownFileType = file.storyboard; name = Base; path = Base.lproj/LaunchScreen.storyboard; sourceTree = "<group>"; };
		9A983EB11BF4222A00515550 /* Info.plist */ = {isa = PBXFileReference; lastKnownFileType = text.plist.xml; path = Info.plist; sourceTree = "<group>"; };
		9A983EBC1BF4275B00515550 /* CustomTableViewCell.h */ = {isa = PBXFileReference; fileEncoding = 4; lastKnownFileType = sourcecode.c.h; path = CustomTableViewCell.h; sourceTree = "<group>"; };
		9A983EBD1BF4275B00515550 /* CustomTableViewCell.m */ = {isa = PBXFileReference; fileEncoding = 4; lastKnownFileType = sourcecode.c.objc; path = CustomTableViewCell.m; sourceTree = "<group>"; };
		9AE6B9891C0E884B00054E0B /* ImageConnectionManager.h */ = {isa = PBXFileReference; fileEncoding = 4; lastKnownFileType = sourcecode.c.h; path = ImageConnectionManager.h; sourceTree = "<group>"; };
		9AE6B98A1C0E884B00054E0B /* ImageConnectionManager.m */ = {isa = PBXFileReference; fileEncoding = 4; lastKnownFileType = sourcecode.c.objc; path = ImageConnectionManager.m; sourceTree = "<group>"; };
		9AF3281E1C0BEF49007F13C6 /* LoginViewController.h */ = {isa = PBXFileReference; fileEncoding = 4; lastKnownFileType = sourcecode.c.h; path = LoginViewController.h; sourceTree = "<group>"; };
		9AF3281F1C0BEF49007F13C6 /* LoginViewController.m */ = {isa = PBXFileReference; fileEncoding = 4; lastKnownFileType = sourcecode.c.objc; path = LoginViewController.m; sourceTree = "<group>"; };
		9AFB97E41C0D7583002C7768 /* green-line-background.jpg */ = {isa = PBXFileReference; lastKnownFileType = image.jpeg; path = "green-line-background.jpg"; sourceTree = "<group>"; };
		9AFB97E61C0D7845002C7768 /* logo_icon.png */ = {isa = PBXFileReference; lastKnownFileType = image.png; path = logo_icon.png; sourceTree = "<group>"; };
/* End PBXFileReference section */

/* Begin PBXFrameworksBuildPhase section */
		9A983E9A1BF4222A00515550 /* Frameworks */ = {
			isa = PBXFrameworksBuildPhase;
			buildActionMask = 2147483647;
			files = (
			);
			runOnlyForDeploymentPostprocessing = 0;
		};
/* End PBXFrameworksBuildPhase section */

/* Begin PBXGroup section */
		193F32291BF4D2DB00AF5DD1 /* Custom View Controller */ = {
			isa = PBXGroup;
			children = (
				193F322A1BF4D30100AF5DD1 /* ArticleDetailsViewController.h */,
				193F322B1BF4D30100AF5DD1 /* ArticleDetailsViewController.m */,
				193F32351BF4EF7500AF5DD1 /* ArticleDetailsNoImageViewController.h */,
				193F32361BF4EF7500AF5DD1 /* ArticleDetailsNoImageViewController.m */,
				193F322F1BF4D6BA00AF5DD1 /* ImageViewController.h */,
				193F32301BF4D6BA00AF5DD1 /* ImageViewController.m */,
				193F32321BF4DC6F00AF5DD1 /* CustomViewViewController.h */,
				193F32331BF4DC6F00AF5DD1 /* CustomViewViewController.m */,
				190D96411BFA3A89008BFC5E /* AddArticleViewController.h */,
				190D96421BFA3A89008BFC5E /* AddArticleViewController.m */,
				190D96451BFA5203008BFC5E /* EditArticleViewController.h */,
				190D96461BFA5203008BFC5E /* EditArticleViewController.m */,
				9AF3281E1C0BEF49007F13C6 /* LoginViewController.h */,
				9AF3281F1C0BEF49007F13C6 /* LoginViewController.m */,
				196DE8991C10C037007A3A34 /* SidebarTableViewController.h */,
				196DE89A1C10C037007A3A34 /* SidebarTableViewController.m */,
				9A3393DB1C111FAF002E5825 /* UserDetailsViewController.h */,
				9A3393DC1C111FAF002E5825 /* UserDetailsViewController.m */,
				9A3393DE1C1185AB002E5825 /* EditUserDetailsViewController.h */,
				9A3393DF1C1185AB002E5825 /* EditUserDetailsViewController.m */,
				196DE8931C14B016007A3A34 /* SignUpUserViewController.h */,
				196DE8941C14B016007A3A34 /* SignUpUserViewController.m */,
			);
			name = "Custom View Controller";
			sourceTree = "<group>";
		};
		196DE8951C10BFBF007A3A34 /* SWRevealViewController */ = {
			isa = PBXGroup;
			children = (
				196DE8961C10BFD1007A3A34 /* SWRevealViewController.h */,
				196DE8971C10BFD1007A3A34 /* SWRevealViewController.m */,
			);
			name = SWRevealViewController;
			sourceTree = "<group>";
		};
		9A37D41B1BF42E1B0096DCB4 /* Image */ = {
			isa = PBXGroup;
			children = (
				196DE8911C1483FA007A3A34 /* tab-icon-more.png */,
				196DE8951C0E0D3F007A3A34 /* Midnight-Blue-Flat-UI-Color-Background.jpg */,
				196DE8911C0DFF0F007A3A34 /* password-icon.png */,
				196DE8921C0DFF0F007A3A34 /* email-icon.png */,
				9AFB97E61C0D7845002C7768 /* logo_icon.png */,
				9AFB97E41C0D7583002C7768 /* green-line-background.jpg */,
				196DE8BA1C0B5F29007A3A34 /* no-images.png */,
				19B21EDA1BF7870400F68A57 /* share.png */,
				197BC3941BF7144B003B88AE /* logo.jpg */,
				197BC3901BF70921003B88AE /* article5.jpg */,
				197BC38E1BF708AA003B88AE /* article4.jpg */,
				197BC38C1BF70842003B88AE /* article3.jpg */,
				197BC38A1BF70750003B88AE /* article2.jpg */,
				197BC3881BF6FF17003B88AE /* article1.jpg */,
				9A37D41C1BF42E300096DCB4 /* ios_logo.png */,
			);
			name = Image;
			sourceTree = "<group>";
		};
		9A983E941BF4222A00515550 = {
			isa = PBXGroup;
			children = (
				9A983E9F1BF4222A00515550 /* ArticleManagement */,
				9A983E9E1BF4222A00515550 /* Products */,
			);
			sourceTree = "<group>";
		};
		9A983E9E1BF4222A00515550 /* Products */ = {
			isa = PBXGroup;
			children = (
				9A983E9D1BF4222A00515550 /* ArticleManagement.app */,
			);
			name = Products;
			sourceTree = "<group>";
		};
		9A983E9F1BF4222A00515550 /* ArticleManagement */ = {
			isa = PBXGroup;
			children = (
				196DE8951C10BFBF007A3A34 /* SWRevealViewController */,
				193F32291BF4D2DB00AF5DD1 /* Custom View Controller */,
				9A37D41B1BF42E1B0096DCB4 /* Image */,
				9A983EBB1BF426EC00515550 /* Custom Table */,
				9A983EBA1BF422B800515550 /* Model */,
				9A983EA31BF4222A00515550 /* AppDelegate.h */,
				9A983EA41BF4222A00515550 /* AppDelegate.m */,
				9A983EA61BF4222A00515550 /* ViewController.h */,
				9A983EA71BF4222A00515550 /* ViewController.m */,
				9A983EA91BF4222A00515550 /* Main.storyboard */,
				9A983EAC1BF4222A00515550 /* Assets.xcassets */,
				9A983EAE1BF4222A00515550 /* LaunchScreen.storyboard */,
				9A983EB11BF4222A00515550 /* Info.plist */,
				9A983EA01BF4222A00515550 /* Supporting Files */,
			);
			path = ArticleManagement;
			sourceTree = "<group>";
		};
		9A983EA01BF4222A00515550 /* Supporting Files */ = {
			isa = PBXGroup;
			children = (
				9A983EA11BF4222A00515550 /* main.m */,
			);
			name = "Supporting Files";
			sourceTree = "<group>";
		};
		9A983EBA1BF422B800515550 /* Model */ = {
			isa = PBXGroup;
			children = (
				196DE8911C0B3E57007A3A34 /* Article.h */,
				196DE8921C0B3E57007A3A34 /* Article.m */,
				198BE1341C0AA4F900A84472 /* ConnectionManager.h */,
				198BE1351C0AA4F900A84472 /* ConnectionManager.m */,
				9AE6B9891C0E884B00054E0B /* ImageConnectionManager.h */,
				9AE6B98A1C0E884B00054E0B /* ImageConnectionManager.m */,
			);
			name = Model;
			sourceTree = "<group>";
		};
		9A983EBB1BF426EC00515550 /* Custom Table */ = {
			isa = PBXGroup;
			children = (
				9A983EBC1BF4275B00515550 /* CustomTableViewCell.h */,
				9A983EBD1BF4275B00515550 /* CustomTableViewCell.m */,
			);
			name = "Custom Table";
			sourceTree = "<group>";
		};
/* End PBXGroup section */

/* Begin PBXNativeTarget section */
		9A983E9C1BF4222A00515550 /* ArticleManagement */ = {
			isa = PBXNativeTarget;
			buildConfigurationList = 9A983EB41BF4222A00515550 /* Build configuration list for PBXNativeTarget "ArticleManagement" */;
			buildPhases = (
				9A983E991BF4222A00515550 /* Sources */,
				9A983E9A1BF4222A00515550 /* Frameworks */,
				9A983E9B1BF4222A00515550 /* Resources */,
			);
			buildRules = (
			);
			dependencies = (
			);
			name = ArticleManagement;
			productName = ArticleManagement;
			productReference = 9A983E9D1BF4222A00515550 /* ArticleManagement.app */;
			productType = "com.apple.product-type.application";
		};
/* End PBXNativeTarget section */

/* Begin PBXProject section */
		9A983E951BF4222A00515550 /* Project object */ = {
			isa = PBXProject;
			attributes = {
				LastUpgradeCheck = 0700;
				ORGANIZATIONNAME = "Yin Kokpheng";
				TargetAttributes = {
					9A983E9C1BF4222A00515550 = {
						CreatedOnToolsVersion = 7.0;
					};
				};
			};
			buildConfigurationList = 9A983E981BF4222A00515550 /* Build configuration list for PBXProject "ArticleManagement" */;
			compatibilityVersion = "Xcode 3.2";
			developmentRegion = English;
			hasScannedForEncodings = 0;
			knownRegions = (
				en,
				Base,
			);
			mainGroup = 9A983E941BF4222A00515550;
			productRefGroup = 9A983E9E1BF4222A00515550 /* Products */;
			projectDirPath = "";
			projectRoot = "";
			targets = (
				9A983E9C1BF4222A00515550 /* ArticleManagement */,
			);
		};
/* End PBXProject section */

/* Begin PBXResourcesBuildPhase section */
		9A983E9B1BF4222A00515550 /* Resources */ = {
			isa = PBXResourcesBuildPhase;
			buildActionMask = 2147483647;
			files = (
				9A983EB01BF4222A00515550 /* LaunchScreen.storyboard in Resources */,
				9AFB97E71C0D7845002C7768 /* logo_icon.png in Resources */,
				197BC38F1BF708AA003B88AE /* article4.jpg in Resources */,
				197BC3951BF7144B003B88AE /* logo.jpg in Resources */,
				9A983EAD1BF4222A00515550 /* Assets.xcassets in Resources */,
				19B21EDB1BF7870400F68A57 /* share.png in Resources */,
				196DE8961C0E0D3F007A3A34 /* Midnight-Blue-Flat-UI-Color-Background.jpg in Resources */,
				196DE8931C0DFF0F007A3A34 /* password-icon.png in Resources */,
				197BC38D1BF70842003B88AE /* article3.jpg in Resources */,
				9A37D41D1BF42E300096DCB4 /* ios_logo.png in Resources */,
				197BC3911BF70921003B88AE /* article5.jpg in Resources */,
				196DE8BB1C0B5F29007A3A34 /* no-images.png in Resources */,
				197BC38B1BF70750003B88AE /* article2.jpg in Resources */,
				197BC3891BF6FF17003B88AE /* article1.jpg in Resources */,
				9A983EAB1BF4222A00515550 /* Main.storyboard in Resources */,
				9AFB97E51C0D7583002C7768 /* green-line-background.jpg in Resources */,
				196DE8941C0DFF0F007A3A34 /* email-icon.png in Resources */,
				196DE8921C1483FA007A3A34 /* tab-icon-more.png in Resources */,
			);
			runOnlyForDeploymentPostprocessing = 0;
		};
/* End PBXResourcesBuildPhase section */

/* Begin PBXSourcesBuildPhase section */
		9A983E991BF4222A00515550 /* Sources */ = {
			isa = PBXSourcesBuildPhase;
			buildActionMask = 2147483647;
			files = (
				193F322C1BF4D30100AF5DD1 /* ArticleDetailsViewController.m in Sources */,
				193F32371BF4EF7500AF5DD1 /* ArticleDetailsNoImageViewController.m in Sources */,
				196DE8981C10BFD1007A3A34 /* SWRevealViewController.m in Sources */,
				9AF328201C0BEF49007F13C6 /* LoginViewController.m in Sources */,
				190D96471BFA5203008BFC5E /* EditArticleViewController.m in Sources */,
				193F32341BF4DC6F00AF5DD1 /* CustomViewViewController.m in Sources */,
				9A3393E01C1185AB002E5825 /* EditUserDetailsViewController.m in Sources */,
				190D96431BFA3A89008BFC5E /* AddArticleViewController.m in Sources */,
				196DE8931C0B3E57007A3A34 /* Article.m in Sources */,
				9A3393DD1C111FAF002E5825 /* UserDetailsViewController.m in Sources */,
				196DE89B1C10C037007A3A34 /* SidebarTableViewController.m in Sources */,
				196DE8951C14B016007A3A34 /* SignUpUserViewController.m in Sources */,
				9A983EA81BF4222A00515550 /* ViewController.m in Sources */,
				198BE1361C0AA4F900A84472 /* ConnectionManager.m in Sources */,
				9AE6B98B1C0E884B00054E0B /* ImageConnectionManager.m in Sources */,
				9A983EA51BF4222A00515550 /* AppDelegate.m in Sources */,
				9A983EBE1BF4275B00515550 /* CustomTableViewCell.m in Sources */,
				193F32311BF4D6BA00AF5DD1 /* ImageViewController.m in Sources */,
				9A983EA21BF4222A00515550 /* main.m in Sources */,
			);
			runOnlyForDeploymentPostprocessing = 0;
		};
/* End PBXSourcesBuildPhase section */

/* Begin PBXVariantGroup section */
		9A983EA91BF4222A00515550 /* Main.storyboard */ = {
			isa = PBXVariantGroup;
			children = (
				9A983EAA1BF4222A00515550 /* Base */,
			);
			name = Main.storyboard;
			sourceTree = "<group>";
		};
		9A983EAE1BF4222A00515550 /* LaunchScreen.storyboard */ = {
			isa = PBXVariantGroup;
			children = (
				9A983EAF1BF4222A00515550 /* Base */,
			);
			name = LaunchScreen.storyboard;
			sourceTree = "<group>";
		};
/* End PBXVariantGroup section */

/* Begin XCBuildConfiguration section */
		9A983EB21BF4222A00515550 /* Debug */ = {
			isa = XCBuildConfiguration;
			buildSettings = {
				ALWAYS_SEARCH_USER_PATHS = NO;
				CLANG_CXX_LANGUAGE_STANDARD = "gnu++0x";
				CLANG_CXX_LIBRARY = "libc++";
				CLANG_ENABLE_MODULES = YES;
				CLANG_ENABLE_OBJC_ARC = YES;
				CLANG_WARN_BOOL_CONVERSION = YES;
				CLANG_WARN_CONSTANT_CONVERSION = YES;
				CLANG_WARN_DIRECT_OBJC_ISA_USAGE = YES_ERROR;
				CLANG_WARN_EMPTY_BODY = YES;
				CLANG_WARN_ENUM_CONVERSION = YES;
				CLANG_WARN_INT_CONVERSION = YES;
				CLANG_WARN_OBJC_ROOT_CLASS = YES_ERROR;
				CLANG_WARN_UNREACHABLE_CODE = YES;
				CLANG_WARN__DUPLICATE_METHOD_MATCH = YES;
				"CODE_SIGN_IDENTITY[sdk=iphoneos*]" = "iPhone Developer";
				COPY_PHASE_STRIP = NO;
				DEBUG_INFORMATION_FORMAT = dwarf;
				ENABLE_STRICT_OBJC_MSGSEND = YES;
				ENABLE_TESTABILITY = YES;
				GCC_C_LANGUAGE_STANDARD = gnu99;
				GCC_DYNAMIC_NO_PIC = NO;
				GCC_NO_COMMON_BLOCKS = YES;
				GCC_OPTIMIZATION_LEVEL = 0;
				GCC_PREPROCESSOR_DEFINITIONS = (
					"DEBUG=1",
					"$(inherited)",
				);
				GCC_WARN_64_TO_32_BIT_CONVERSION = YES;
				GCC_WARN_ABOUT_RETURN_TYPE = YES_ERROR;
				GCC_WARN_UNDECLARED_SELECTOR = YES;
				GCC_WARN_UNINITIALIZED_AUTOS = YES_AGGRESSIVE;
				GCC_WARN_UNUSED_FUNCTION = YES;
				GCC_WARN_UNUSED_VARIABLE = YES;
				IPHONEOS_DEPLOYMENT_TARGET = 9.0;
				MTL_ENABLE_DEBUG_INFO = YES;
				ONLY_ACTIVE_ARCH = YES;
				SDKROOT = iphoneos;
			};
			name = Debug;
		};
		9A983EB31BF4222A00515550 /* Release */ = {
			isa = XCBuildConfiguration;
			buildSettings = {
				ALWAYS_SEARCH_USER_PATHS = NO;
				CLANG_CXX_LANGUAGE_STANDARD = "gnu++0x";
				CLANG_CXX_LIBRARY = "libc++";
				CLANG_ENABLE_MODULES = YES;
				CLANG_ENABLE_OBJC_ARC = YES;
				CLANG_WARN_BOOL_CONVERSION = YES;
				CLANG_WARN_CONSTANT_CONVERSION = YES;
				CLANG_WARN_DIRECT_OBJC_ISA_USAGE = YES_ERROR;
				CLANG_WARN_EMPTY_BODY = YES;
				CLANG_WARN_ENUM_CONVERSION = YES;
				CLANG_WARN_INT_CONVERSION = YES;
				CLANG_WARN_OBJC_ROOT_CLASS = YES_ERROR;
				CLANG_WARN_UNREACHABLE_CODE = YES;
				CLANG_WARN__DUPLICATE_METHOD_MATCH = YES;
				"CODE_SIGN_IDENTITY[sdk=iphoneos*]" = "iPhone Developer";
				COPY_PHASE_STRIP = NO;
				DEBUG_INFORMATION_FORMAT = "dwarf-with-dsym";
				ENABLE_NS_ASSERTIONS = NO;
				ENABLE_STRICT_OBJC_MSGSEND = YES;
				GCC_C_LANGUAGE_STANDARD = gnu99;
				GCC_NO_COMMON_BLOCKS = YES;
				GCC_WARN_64_TO_32_BIT_CONVERSION = YES;
				GCC_WARN_ABOUT_RETURN_TYPE = YES_ERROR;
				GCC_WARN_UNDECLARED_SELECTOR = YES;
				GCC_WARN_UNINITIALIZED_AUTOS = YES_AGGRESSIVE;
				GCC_WARN_UNUSED_FUNCTION = YES;
				GCC_WARN_UNUSED_VARIABLE = YES;
				IPHONEOS_DEPLOYMENT_TARGET = 9.0;
				MTL_ENABLE_DEBUG_INFO = NO;
				SDKROOT = iphoneos;
				VALIDATE_PRODUCT = YES;
			};
			name = Release;
		};
		9A983EB51BF4222A00515550 /* Debug */ = {
			isa = XCBuildConfiguration;
			buildSettings = {
				ASSETCATALOG_COMPILER_APPICON_NAME = AppIcon;
				INFOPLIST_FILE = ArticleManagement/Info.plist;
				LD_RUNPATH_SEARCH_PATHS = "$(inherited) @executable_path/Frameworks";
				PRODUCT_BUNDLE_IDENTIFIER = com.pheng.app.ArticleManagement;
				PRODUCT_NAME = "$(TARGET_NAME)";
			};
			name = Debug;
		};
		9A983EB61BF4222A00515550 /* Release */ = {
			isa = XCBuildConfiguration;
			buildSettings = {
				ASSETCATALOG_COMPILER_APPICON_NAME = AppIcon;
				INFOPLIST_FILE = ArticleManagement/Info.plist;
				LD_RUNPATH_SEARCH_PATHS = "$(inherited) @executable_path/Frameworks";
				PRODUCT_BUNDLE_IDENTIFIER = com.pheng.app.ArticleManagement;
				PRODUCT_NAME = "$(TARGET_NAME)";
			};
			name = Release;
		};
/* End XCBuildConfiguration section */

/* Begin XCConfigurationList section */
		9A983E981BF4222A00515550 /* Build configuration list for PBXProject "ArticleManagement" */ = {
			isa = XCConfigurationList;
			buildConfigurations = (
				9A983EB21BF4222A00515550 /* Debug */,
				9A983EB31BF4222A00515550 /* Release */,
			);
			defaultConfigurationIsVisible = 0;
			defaultConfigurationName = Release;
		};
		9A983EB41BF4222A00515550 /* Build configuration list for PBXNativeTarget "ArticleManagement" */ = {
			isa = XCConfigurationList;
			buildConfigurations = (
				9A983EB51BF4222A00515550 /* Debug */,
				9A983EB61BF4222A00515550 /* Release */,
			);
			defaultConfigurationIsVisible = 0;
			defaultConfigurationName = Release;
		};
/* End XCConfigurationList section */
	};
	rootObject = 9A983E951BF4222A00515550 /* Project object */;
}
